{
  "name": "efemerides-sweph",
  "version": "1.0.0",
  "lockfileVersion": 3,
  "requires": true,
  "packages": {
    "": {
      "name": "efemerides-sweph",
      "version": "1.0.0",
      "license": "AGPL-3.0-only",
      "dependencies": {
        "sweph": "2.10.3-5"
      },
      "engines": {
        "node": "20.x"
      }
    },
    "node_modules/node-addon-api": {
      "version": "8.8.0",
      "resolved": "https://registry.npmjs.org/node-addon-api/-/node-addon-api-8.8.0.tgz",
      "integrity": "sha512-c5Ko1fZJIJmzhFIkhRN76WTq+fC6tWnGy9CXA0fA+XygsWZmEwG8vmbkNqxMyoaa0Tin4djul49NzdVcJJcjeA==",
      "engines": {
        "node": "^18 || ^20 || >= 21"
      }
    },
    "node_modules/node-gyp-build": {
      "version": "4.8.4",
      "resolved": "https://registry.npmjs.org/node-gyp-build/-/node-gyp-build-4.8.4.tgz",
      "integrity": "sha512-LA4ZjwlnUblHVgq0oBF3Jl/6h/Nvs5fzBLwdEF4nuxnFdsfajde4WfxtJr3CaiH+F6ewcIB/q4jQ4UzPyid+CQ==",
      "bin": {
        "node-gyp-build": "bin.js",
        "node-gyp-build-optional": "optional.js",
        "node-gyp-build-test": "build-test.js"
      }
    },
    "node_modules/sweph": {
      "version": "2.10.3-5",
      "resolved": "https://registry.npmjs.org/sweph/-/sweph-2.10.3-5.tgz",
      "integrity": "sha512-sbdfm9rvcLbImBRPSsfts1NP6rpwx4UrdjtyN6XKr7GqQjmuTxllwSRTmH4vjWFjgo4aBmali38V/hf1IM6h9A==",
      "hasInstallScript": true,
      "dependencies": {
        "node-addon-api": "^8.7.0",
        "node-gyp-build": "^4.8.4"
      },
      "funding": {
        "url": "https://github.com/timotejroiko/sweph?sponsor=1"
      }
    }
  }
}
